
Microsoft Visual Studio Solution File, Format Version 12.00
# Visual Studio Version 16
VisualStudioVersion = 16.0.29920.165
MinimumVisualStudioVersion = 10.0.40219.1
Project("{FAE04EC0-301F-11D3-BF4B-00C04F79EFBC}") = "SalesWebMvc", "SalesWebMvc\SalesWebMvc.csproj", "{52B2C3EE-B206-439F-8845-22A5FD125A43}"
EndProject
Global
	GlobalSection(SolutionConfigurationPlatforms) = preSolution
		Debug|Any CPU = Debug|Any CPU
		Release|Any CPU = Release|Any CPU
	EndGlobalSection
	GlobalSection(ProjectConfigurationPlatforms) = postSolution
		{52B2C3EE-B206-439F-8845-22A5FD125A43}.Debug|Any CPU.ActiveCfg = Debug|Any CPU
		{52B2C3EE-B206-439F-8845-22A5FD125A43}.Debug|Any CPU.Build.0 = Debug|Any CPU
		{52B2C3EE-B206-439F-8845-22A5FD125A43}.Release|Any CPU.ActiveCfg = Release|Any CPU
		{52B2C3EE-B206-439F-8845-22A5FD125A43}.Release|Any CPU.Build.0 = Release|Any CPU
	EndGlobalSection
	GlobalSection(SolutionProperties) = preSolution
		HideSolutionNode = FALSE
	EndGlobalSection
	GlobalSection(ExtensibilityGlobals) = postSolution
		SolutionGuid = {8A093FEA-2104-4A85-85D9-4909695D578C}
	EndGlobalSection
EndGlobal
